
Microsoft Visual Studio Solution File, Format Version 12.00
# Visual Studio Version 17
VisualStudioVersion = 17.6.33723.286
MinimumVisualStudioVersion = 10.0.40219.1
Project("{FAE04EC0-301F-11D3-BF4B-00C04F79EFBC}") = "bc-test-timesheetcs.Api", "bc-test-timesheetcs.Api\bc-test-timesheetcs.Api.csproj", "{D57F2AC9-61EE-42BC-8533-31A5EDCFA3AD}"
EndProject
Project("{FAE04EC0-301F-11D3-BF4B-00C04F79EFBC}") = "bc-test-timesheetcs.Domain", "bc-test-timesheetcs.Domain\bc-test-timesheetcs.Domain.csproj", "{BF083D56-145D-4B26-AF3D-CFB86F924E70}"
EndProject
Project("{FAE04EC0-301F-11D3-BF4B-00C04F79EFBC}") = "bc-test-timesheetcs.Data", "bc-test-timesheetcs.Data\bc-test-timesheetcs.Data.csproj", "{13B67DD0-CEAF-4F7C-9EA2-5FBBCB10E492}"
EndProject
Global
	GlobalSection(SolutionConfigurationPlatforms) = preSolution
		Debug|Any CPU = Debug|Any CPU
		Release|Any CPU = Release|Any CPU
	EndGlobalSection
	GlobalSection(ProjectConfigurationPlatforms) = postSolution
		{D57F2AC9-61EE-42BC-8533-31A5EDCFA3AD}.Debug|Any CPU.ActiveCfg = Debug|Any CPU
		{D57F2AC9-61EE-42BC-8533-31A5EDCFA3AD}.Debug|Any CPU.Build.0 = Debug|Any CPU
		{D57F2AC9-61EE-42BC-8533-31A5EDCFA3AD}.Release|Any CPU.ActiveCfg = Release|Any CPU
		{D57F2AC9-61EE-42BC-8533-31A5EDCFA3AD}.Release|Any CPU.Build.0 = Release|Any CPU
		{BF083D56-145D-4B26-AF3D-CFB86F924E70}.Debug|Any CPU.ActiveCfg = Debug|Any CPU
		{BF083D56-145D-4B26-AF3D-CFB86F924E70}.Debug|Any CPU.Build.0 = Debug|Any CPU
		{BF083D56-145D-4B26-AF3D-CFB86F924E70}.Release|Any CPU.ActiveCfg = Release|Any CPU
		{BF083D56-145D-4B26-AF3D-CFB86F924E70}.Release|Any CPU.Build.0 = Release|Any CPU
		{13B67DD0-CEAF-4F7C-9EA2-5FBBCB10E492}.Debug|Any CPU.ActiveCfg = Debug|Any CPU
		{13B67DD0-CEAF-4F7C-9EA2-5FBBCB10E492}.Debug|Any CPU.Build.0 = Debug|Any CPU
		{13B67DD0-CEAF-4F7C-9EA2-5FBBCB10E492}.Release|Any CPU.ActiveCfg = Release|Any CPU
		{13B67DD0-CEAF-4F7C-9EA2-5FBBCB10E492}.Release|Any CPU.Build.0 = Release|Any CPU
	EndGlobalSection
	GlobalSection(SolutionProperties) = preSolution
		HideSolutionNode = FALSE
	EndGlobalSection
	GlobalSection(ExtensibilityGlobals) = postSolution
		SolutionGuid = {58747135-9D25-4215-9B58-F3E64A194DEC}
	EndGlobalSection
EndGlobal
